
Microsoft Visual Studio Solution File, Format Version 12.00
# Visual Studio Version 17
VisualStudioVersion = 17.0.31919.166
MinimumVisualStudioVersion = 10.0.40219.1
Project("{9A19103F-16F7-4668-BE54-9A1E7A4F7556}") = "StockApp.Core", "StockAppV2.Core\StockApp.Core.csproj", "{BC46211D-D25E-42A3-BC6B-3BCB007B26CC}"
EndProject
Project("{9A19103F-16F7-4668-BE54-9A1E7A4F7556}") = "StockApp.Comm", "StockApp.Comm\StockApp.Comm.csproj", "{C1323E10-2F90-4EBC-A565-476F6ACBB94D}"
EndProject
Project("{9A19103F-16F7-4668-BE54-9A1E7A4F7556}") = "StockApp.Test", "StockApp.Test\StockApp.Test.csproj", "{D80C7703-0CBA-402B-9DBD-E8890EEB879E}"
EndProject
Project("{9A19103F-16F7-4668-BE54-9A1E7A4F7556}") = "StockApp.UI", "StockApp.UI\StockApp.UI.csproj", "{EBDF588C-0CBE-487E-9A4F-A4BF08F974E1}"
EndProject
Project("{9A19103F-16F7-4668-BE54-9A1E7A4F7556}") = "StockApp.Prints", "StockApp.Prints\StockApp.Prints.csproj", "{F6C61993-4DF7-4023-A6EA-486B52F93E97}"
EndProject
Project("{9A19103F-16F7-4668-BE54-9A1E7A4F7556}") = "StockApp.XML", "StockApp.XML\StockApp.XML.csproj", "{DA60849A-746F-428F-9761-B37A8BFA8E05}"
EndProject
Project("{2150E333-8FDC-42A3-9474-1A3956D46DE8}") = "StockApp.Installer", "StockApp.Installer", "{74B9B5D8-4C8C-47C7-A21B-D426A58FEBDC}"
	ProjectSection(SolutionItems) = preProject
		StockApp.Installer\Dockerfile = StockApp.Installer\Dockerfile
		StockApp.Installer\FileAssociation.nsh = StockApp.Installer\FileAssociation.nsh
		StockApp.Installer\installer.nsi = StockApp.Installer\installer.nsi
		StockApp.Installer\README.txt = StockApp.Installer\README.txt
	EndProjectSection
EndProject
Project("{9A19103F-16F7-4668-BE54-9A1E7A4F7556}") = "StockApp.Lib", "StockApp.Lib\StockApp.Lib.csproj", "{FCBEE84C-E7C2-41FD-888E-877395569D97}"
EndProject
Project("{C7167F0D-BC9F-4E6E-AFE1-012C56B48DB5}") = "StockApp.Packaging", "StockApp.Packaging\StockApp.Packaging.wapproj", "{8E19212E-C5DA-44BD-91BD-5E1863AD317C}"
EndProject
Global
	GlobalSection(SolutionConfigurationPlatforms) = preSolution
		Debug|Any CPU = Debug|Any CPU
		Debug|ARM = Debug|ARM
		Debug|ARM64 = Debug|ARM64
		Debug|x64 = Debug|x64
		Debug|x86 = Debug|x86
		Release|Any CPU = Release|Any CPU
		Release|ARM = Release|ARM
		Release|ARM64 = Release|ARM64
		Release|x64 = Release|x64
		Release|x86 = Release|x86
	EndGlobalSection
	GlobalSection(ProjectConfigurationPlatforms) = postSolution
		{BC46211D-D25E-42A3-BC6B-3BCB007B26CC}.Debug|Any CPU.ActiveCfg = Debug|Any CPU
		{BC46211D-D25E-42A3-BC6B-3BCB007B26CC}.Debug|Any CPU.Build.0 = Debug|Any CPU
		{BC46211D-D25E-42A3-BC6B-3BCB007B26CC}.Debug|ARM.ActiveCfg = Debug|Any CPU
		{BC46211D-D25E-42A3-BC6B-3BCB007B26CC}.Debug|ARM.Build.0 = Debug|Any CPU
		{BC46211D-D25E-42A3-BC6B-3BCB007B26CC}.Debug|ARM64.ActiveCfg = Debug|Any CPU
		{BC46211D-D25E-42A3-BC6B-3BCB007B26CC}.Debug|ARM64.Build.0 = Debug|Any CPU
		{BC46211D-D25E-42A3-BC6B-3BCB007B26CC}.Debug|x64.ActiveCfg = Debug|Any CPU
		{BC46211D-D25E-42A3-BC6B-3BCB007B26CC}.Debug|x64.Build.0 = Debug|Any CPU
		{BC46211D-D25E-42A3-BC6B-3BCB007B26CC}.Debug|x86.ActiveCfg = Debug|Any CPU
		{BC46211D-D25E-42A3-BC6B-3BCB007B26CC}.Debug|x86.Build.0 = Debug|Any CPU
		{BC46211D-D25E-42A3-BC6B-3BCB007B26CC}.Release|Any CPU.ActiveCfg = Release|Any CPU
		{BC46211D-D25E-42A3-BC6B-3BCB007B26CC}.Release|Any CPU.Build.0 = Release|Any CPU
		{BC46211D-D25E-42A3-BC6B-3BCB007B26CC}.Release|ARM.ActiveCfg = Release|Any CPU
		{BC46211D-D25E-42A3-BC6B-3BCB007B26CC}.Release|ARM.Build.0 = Release|Any CPU
		{BC46211D-D25E-42A3-BC6B-3BCB007B26CC}.Release|ARM64.ActiveCfg = Release|Any CPU
		{BC46211D-D25E-42A3-BC6B-3BCB007B26CC}.Release|ARM64.Build.0 = Release|Any CPU
		{BC46211D-D25E-42A3-BC6B-3BCB007B26CC}.Release|x64.ActiveCfg = Release|x64
		{BC46211D-D25E-42A3-BC6B-3BCB007B26CC}.Release|x64.Build.0 = Release|x64
		{BC46211D-D25E-42A3-BC6B-3BCB007B26CC}.Release|x86.ActiveCfg = Release|Any CPU
		{BC46211D-D25E-42A3-BC6B-3BCB007B26CC}.Release|x86.Build.0 = Release|Any CPU
		{C1323E10-2F90-4EBC-A565-476F6ACBB94D}.Debug|Any CPU.ActiveCfg = Debug|Any CPU
		{C1323E10-2F90-4EBC-A565-476F6ACBB94D}.Debug|Any CPU.Build.0 = Debug|Any CPU
		{C1323E10-2F90-4EBC-A565-476F6ACBB94D}.Debug|ARM.ActiveCfg = Debug|Any CPU
		{C1323E10-2F90-4EBC-A565-476F6ACBB94D}.Debug|ARM.Build.0 = Debug|Any CPU
		{C1323E10-2F90-4EBC-A565-476F6ACBB94D}.Debug|ARM64.ActiveCfg = Debug|Any CPU
		{C1323E10-2F90-4EBC-A565-476F6ACBB94D}.Debug|ARM64.Build.0 = Debug|Any CPU
		{C1323E10-2F90-4EBC-A565-476F6ACBB94D}.Debug|x64.ActiveCfg = Debug|Any CPU
		{C1323E10-2F90-4EBC-A565-476F6ACBB94D}.Debug|x64.Build.0 = Debug|Any CPU
		{C1323E10-2F90-4EBC-A565-476F6ACBB94D}.Debug|x86.ActiveCfg = Debug|Any CPU
		{C1323E10-2F90-4EBC-A565-476F6ACBB94D}.Debug|x86.Build.0 = Debug|Any CPU
		{C1323E10-2F90-4EBC-A565-476F6ACBB94D}.Release|Any CPU.ActiveCfg = Release|Any CPU
		{C1323E10-2F90-4EBC-A565-476F6ACBB94D}.Release|Any CPU.Build.0 = Release|Any CPU
		{C1323E10-2F90-4EBC-A565-476F6ACBB94D}.Release|ARM.ActiveCfg = Release|Any CPU
		{C1323E10-2F90-4EBC-A565-476F6ACBB94D}.Release|ARM.Build.0 = Release|Any CPU
		{C1323E10-2F90-4EBC-A565-476F6ACBB94D}.Release|ARM64.ActiveCfg = Release|Any CPU
		{C1323E10-2F90-4EBC-A565-476F6ACBB94D}.Release|ARM64.Build.0 = Release|Any CPU
		{C1323E10-2F90-4EBC-A565-476F6ACBB94D}.Release|x64.ActiveCfg = Release|x64
		{C1323E10-2F90-4EBC-A565-476F6ACBB94D}.Release|x64.Build.0 = Release|x64
		{C1323E10-2F90-4EBC-A565-476F6ACBB94D}.Release|x86.ActiveCfg = Release|Any CPU
		{C1323E10-2F90-4EBC-A565-476F6ACBB94D}.Release|x86.Build.0 = Release|Any CPU
		{D80C7703-0CBA-402B-9DBD-E8890EEB879E}.Debug|Any CPU.ActiveCfg = Debug|Any CPU
		{D80C7703-0CBA-402B-9DBD-E8890EEB879E}.Debug|Any CPU.Build.0 = Debug|Any CPU
		{D80C7703-0CBA-402B-9DBD-E8890EEB879E}.Debug|ARM.ActiveCfg = Debug|Any CPU
		{D80C7703-0CBA-402B-9DBD-E8890EEB879E}.Debug|ARM.Build.0 = Debug|Any CPU
		{D80C7703-0CBA-402B-9DBD-E8890EEB879E}.Debug|ARM64.ActiveCfg = Debug|Any CPU
		{D80C7703-0CBA-402B-9DBD-E8890EEB879E}.Debug|ARM64.Build.0 = Debug|Any CPU
		{D80C7703-0CBA-402B-9DBD-E8890EEB879E}.Debug|x64.ActiveCfg = Debug|Any CPU
		{D80C7703-0CBA-402B-9DBD-E8890EEB879E}.Debug|x64.Build.0 = Debug|Any CPU
		{D80C7703-0CBA-402B-9DBD-E8890EEB879E}.Debug|x86.ActiveCfg = Debug|Any CPU
		{D80C7703-0CBA-402B-9DBD-E8890EEB879E}.Debug|x86.Build.0 = Debug|Any CPU
		{D80C7703-0CBA-402B-9DBD-E8890EEB879E}.Release|Any CPU.ActiveCfg = Release|Any CPU
		{D80C7703-0CBA-402B-9DBD-E8890EEB879E}.Release|Any CPU.Build.0 = Release|Any CPU
		{D80C7703-0CBA-402B-9DBD-E8890EEB879E}.Release|ARM.ActiveCfg = Release|Any CPU
		{D80C7703-0CBA-402B-9DBD-E8890EEB879E}.Release|ARM.Build.0 = Release|Any CPU
		{D80C7703-0CBA-402B-9DBD-E8890EEB879E}.Release|ARM64.ActiveCfg = Release|Any CPU
		{D80C7703-0CBA-402B-9DBD-E8890EEB879E}.Release|ARM64.Build.0 = Release|Any CPU
		{D80C7703-0CBA-402B-9DBD-E8890EEB879E}.Release|x64.ActiveCfg = Release|x64
		{D80C7703-0CBA-402B-9DBD-E8890EEB879E}.Release|x64.Build.0 = Release|x64
		{D80C7703-0CBA-402B-9DBD-E8890EEB879E}.Release|x86.ActiveCfg = Release|Any CPU
		{D80C7703-0CBA-402B-9DBD-E8890EEB879E}.Release|x86.Build.0 = Release|Any CPU
		{EBDF588C-0CBE-487E-9A4F-A4BF08F974E1}.Debug|Any CPU.ActiveCfg = Debug|Any CPU
		{EBDF588C-0CBE-487E-9A4F-A4BF08F974E1}.Debug|Any CPU.Build.0 = Debug|Any CPU
		{EBDF588C-0CBE-487E-9A4F-A4BF08F974E1}.Debug|ARM.ActiveCfg = Debug|Any CPU
		{EBDF588C-0CBE-487E-9A4F-A4BF08F974E1}.Debug|ARM.Build.0 = Debug|Any CPU
		{EBDF588C-0CBE-487E-9A4F-A4BF08F974E1}.Debug|ARM64.ActiveCfg = Debug|Any CPU
		{EBDF588C-0CBE-487E-9A4F-A4BF08F974E1}.Debug|ARM64.Build.0 = Debug|Any CPU
		{EBDF588C-0CBE-487E-9A4F-A4BF08F974E1}.Debug|x64.ActiveCfg = Debug|Any CPU
		{EBDF588C-0CBE-487E-9A4F-A4BF08F974E1}.Debug|x64.Build.0 = Debug|Any CPU
		{EBDF588C-0CBE-487E-9A4F-A4BF08F974E1}.Debug|x86.ActiveCfg = Debug|Any CPU
		{EBDF588C-0CBE-487E-9A4F-A4BF08F974E1}.Debug|x86.Build.0 = Debug|Any CPU
		{EBDF588C-0CBE-487E-9A4F-A4BF08F974E1}.Release|Any CPU.ActiveCfg = Release|Any CPU
		{EBDF588C-0CBE-487E-9A4F-A4BF08F974E1}.Release|Any CPU.Build.0 = Release|Any CPU
		{EBDF588C-0CBE-487E-9A4F-A4BF08F974E1}.Release|ARM.ActiveCfg = Release|Any CPU
		{EBDF588C-0CBE-487E-9A4F-A4BF08F974E1}.Release|ARM.Build.0 = Release|Any CPU
		{EBDF588C-0CBE-487E-9A4F-A4BF08F974E1}.Release|ARM64.ActiveCfg = Release|Any CPU
		{EBDF588C-0CBE-487E-9A4F-A4BF08F974E1}.Release|ARM64.Build.0 = Release|Any CPU
		{EBDF588C-0CBE-487E-9A4F-A4BF08F974E1}.Release|x64.ActiveCfg = Release|x64
		{EBDF588C-0CBE-487E-9A4F-A4BF08F974E1}.Release|x64.Build.0 = Release|x64
		{EBDF588C-0CBE-487E-9A4F-A4BF08F974E1}.Release|x86.ActiveCfg = Release|Any CPU
		{EBDF588C-0CBE-487E-9A4F-A4BF08F974E1}.Release|x86.Build.0 = Release|Any CPU
		{F6C61993-4DF7-4023-A6EA-486B52F93E97}.Debug|Any CPU.ActiveCfg = Debug|Any CPU
		{F6C61993-4DF7-4023-A6EA-486B52F93E97}.Debug|Any CPU.Build.0 = Debug|Any CPU
		{F6C61993-4DF7-4023-A6EA-486B52F93E97}.Debug|ARM.ActiveCfg = Debug|Any CPU
		{F6C61993-4DF7-4023-A6EA-486B52F93E97}.Debug|ARM.Build.0 = Debug|Any CPU
		{F6C61993-4DF7-4023-A6EA-486B52F93E97}.Debug|ARM64.ActiveCfg = Debug|Any CPU
		{F6C61993-4DF7-4023-A6EA-486B52F93E97}.Debug|ARM64.Build.0 = Debug|Any CPU
		{F6C61993-4DF7-4023-A6EA-486B52F93E97}.Debug|x64.ActiveCfg = Debug|Any CPU
		{F6C61993-4DF7-4023-A6EA-486B52F93E97}.Debug|x64.Build.0 = Debug|Any CPU
		{F6C61993-4DF7-4023-A6EA-486B52F93E97}.Debug|x86.ActiveCfg = Debug|Any CPU
		{F6C61993-4DF7-4023-A6EA-486B52F93E97}.Debug|x86.Build.0 = Debug|Any CPU
		{F6C61993-4DF7-4023-A6EA-486B52F93E97}.Release|Any CPU.ActiveCfg = Release|Any CPU
		{F6C61993-4DF7-4023-A6EA-486B52F93E97}.Release|Any CPU.Build.0 = Release|Any CPU
		{F6C61993-4DF7-4023-A6EA-486B52F93E97}.Release|ARM.ActiveCfg = Release|Any CPU
		{F6C61993-4DF7-4023-A6EA-486B52F93E97}.Release|ARM.Build.0 = Release|Any CPU
		{F6C61993-4DF7-4023-A6EA-486B52F93E97}.Release|ARM64.ActiveCfg = Release|Any CPU
		{F6C61993-4DF7-4023-A6EA-486B52F93E97}.Release|ARM64.Build.0 = Release|Any CPU
		{F6C61993-4DF7-4023-A6EA-486B52F93E97}.Release|x64.ActiveCfg = Release|x64
		{F6C61993-4DF7-4023-A6EA-486B52F93E97}.Release|x64.Build.0 = Release|x64
		{F6C61993-4DF7-4023-A6EA-486B52F93E97}.Release|x86.ActiveCfg = Release|Any CPU
		{F6C61993-4DF7-4023-A6EA-486B52F93E97}.Release|x86.Build.0 = Release|Any CPU
		{DA60849A-746F-428F-9761-B37A8BFA8E05}.Debug|Any CPU.ActiveCfg = Debug|Any CPU
		{DA60849A-746F-428F-9761-B37A8BFA8E05}.Debug|Any CPU.Build.0 = Debug|Any CPU
		{DA60849A-746F-428F-9761-B37A8BFA8E05}.Debug|ARM.ActiveCfg = Debug|Any CPU
		{DA60849A-746F-428F-9761-B37A8BFA8E05}.Debug|ARM.Build.0 = Debug|Any CPU
		{DA60849A-746F-428F-9761-B37A8BFA8E05}.Debug|ARM64.ActiveCfg = Debug|Any CPU
		{DA60849A-746F-428F-9761-B37A8BFA8E05}.Debug|ARM64.Build.0 = Debug|Any CPU
		{DA60849A-746F-428F-9761-B37A8BFA8E05}.Debug|x64.ActiveCfg = Debug|Any CPU
		{DA60849A-746F-428F-9761-B37A8BFA8E05}.Debug|x64.Build.0 = Debug|Any CPU
		{DA60849A-746F-428F-9761-B37A8BFA8E05}.Debug|x86.ActiveCfg = Debug|Any CPU
		{DA60849A-746F-428F-9761-B37A8BFA8E05}.Debug|x86.Build.0 = Debug|Any CPU
		{DA60849A-746F-428F-9761-B37A8BFA8E05}.Release|Any CPU.ActiveCfg = Release|Any CPU
		{DA60849A-746F-428F-9761-B37A8BFA8E05}.Release|Any CPU.Build.0 = Release|Any CPU
		{DA60849A-746F-428F-9761-B37A8BFA8E05}.Release|ARM.ActiveCfg = Release|Any CPU
		{DA60849A-746F-428F-9761-B37A8BFA8E05}.Release|ARM.Build.0 = Release|Any CPU
		{DA60849A-746F-428F-9761-B37A8BFA8E05}.Release|ARM64.ActiveCfg = Release|Any CPU
		{DA60849A-746F-428F-9761-B37A8BFA8E05}.Release|ARM64.Build.0 = Release|Any CPU
		{DA60849A-746F-428F-9761-B37A8BFA8E05}.Release|x64.ActiveCfg = Release|x64
		{DA60849A-746F-428F-9761-B37A8BFA8E05}.Release|x64.Build.0 = Release|x64
		{DA60849A-746F-428F-9761-B37A8BFA8E05}.Release|x86.ActiveCfg = Release|Any CPU
		{DA60849A-746F-428F-9761-B37A8BFA8E05}.Release|x86.Build.0 = Release|Any CPU
		{FCBEE84C-E7C2-41FD-888E-877395569D97}.Debug|Any CPU.ActiveCfg = Debug|Any CPU
		{FCBEE84C-E7C2-41FD-888E-877395569D97}.Debug|Any CPU.Build.0 = Debug|Any CPU
		{FCBEE84C-E7C2-41FD-888E-877395569D97}.Debug|ARM.ActiveCfg = Debug|Any CPU
		{FCBEE84C-E7C2-41FD-888E-877395569D97}.Debug|ARM.Build.0 = Debug|Any CPU
		{FCBEE84C-E7C2-41FD-888E-877395569D97}.Debug|ARM64.ActiveCfg = Debug|Any CPU
		{FCBEE84C-E7C2-41FD-888E-877395569D97}.Debug|ARM64.Build.0 = Debug|Any CPU
		{FCBEE84C-E7C2-41FD-888E-877395569D97}.Debug|x64.ActiveCfg = Debug|Any CPU
		{FCBEE84C-E7C2-41FD-888E-877395569D97}.Debug|x64.Build.0 = Debug|Any CPU
		{FCBEE84C-E7C2-41FD-888E-877395569D97}.Debug|x86.ActiveCfg = Debug|Any CPU
		{FCBEE84C-E7C2-41FD-888E-877395569D97}.Debug|x86.Build.0 = Debug|Any CPU
		{FCBEE84C-E7C2-41FD-888E-877395569D97}.Release|Any CPU.ActiveCfg = Release|Any CPU
		{FCBEE84C-E7C2-41FD-888E-877395569D97}.Release|Any CPU.Build.0 = Release|Any CPU
		{FCBEE84C-E7C2-41FD-888E-877395569D97}.Release|ARM.ActiveCfg = Release|Any CPU
		{FCBEE84C-E7C2-41FD-888E-877395569D97}.Release|ARM.Build.0 = Release|Any CPU
		{FCBEE84C-E7C2-41FD-888E-877395569D97}.Release|ARM64.ActiveCfg = Release|Any CPU
		{FCBEE84C-E7C2-41FD-888E-877395569D97}.Release|ARM64.Build.0 = Release|Any CPU
		{FCBEE84C-E7C2-41FD-888E-877395569D97}.Release|x64.ActiveCfg = Release|x64
		{FCBEE84C-E7C2-41FD-888E-877395569D97}.Release|x64.Build.0 = Release|x64
		{FCBEE84C-E7C2-41FD-888E-877395569D97}.Release|x86.ActiveCfg = Release|Any CPU
		{FCBEE84C-E7C2-41FD-888E-877395569D97}.Release|x86.Build.0 = Release|Any CPU
		{8E19212E-C5DA-44BD-91BD-5E1863AD317C}.Debug|Any CPU.ActiveCfg = Debug|Any CPU
		{8E19212E-C5DA-44BD-91BD-5E1863AD317C}.Debug|Any CPU.Build.0 = Debug|Any CPU
		{8E19212E-C5DA-44BD-91BD-5E1863AD317C}.Debug|Any CPU.Deploy.0 = Debug|Any CPU
		{8E19212E-C5DA-44BD-91BD-5E1863AD317C}.Debug|ARM.ActiveCfg = Debug|ARM
		{8E19212E-C5DA-44BD-91BD-5E1863AD317C}.Debug|ARM.Build.0 = Debug|ARM
		{8E19212E-C5DA-44BD-91BD-5E1863AD317C}.Debug|ARM.Deploy.0 = Debug|ARM
		{8E19212E-C5DA-44BD-91BD-5E1863AD317C}.Debug|ARM64.ActiveCfg = Debug|ARM64
		{8E19212E-C5DA-44BD-91BD-5E1863AD317C}.Debug|ARM64.Build.0 = Debug|ARM64
		{8E19212E-C5DA-44BD-91BD-5E1863AD317C}.Debug|ARM64.Deploy.0 = Debug|ARM64
		{8E19212E-C5DA-44BD-91BD-5E1863AD317C}.Debug|x64.ActiveCfg = Debug|x64
		{8E19212E-C5DA-44BD-91BD-5E1863AD317C}.Debug|x64.Build.0 = Debug|x64
		{8E19212E-C5DA-44BD-91BD-5E1863AD317C}.Debug|x64.Deploy.0 = Debug|x64
		{8E19212E-C5DA-44BD-91BD-5E1863AD317C}.Debug|x86.ActiveCfg = Debug|x86
		{8E19212E-C5DA-44BD-91BD-5E1863AD317C}.Debug|x86.Build.0 = Debug|x86
		{8E19212E-C5DA-44BD-91BD-5E1863AD317C}.Debug|x86.Deploy.0 = Debug|x86
		{8E19212E-C5DA-44BD-91BD-5E1863AD317C}.Release|Any CPU.ActiveCfg = Release|Any CPU
		{8E19212E-C5DA-44BD-91BD-5E1863AD317C}.Release|Any CPU.Build.0 = Release|Any CPU
		{8E19212E-C5DA-44BD-91BD-5E1863AD317C}.Release|Any CPU.Deploy.0 = Release|Any CPU
		{8E19212E-C5DA-44BD-91BD-5E1863AD317C}.Release|ARM.ActiveCfg = Release|ARM
		{8E19212E-C5DA-44BD-91BD-5E1863AD317C}.Release|ARM.Build.0 = Release|ARM
		{8E19212E-C5DA-44BD-91BD-5E1863AD317C}.Release|ARM.Deploy.0 = Release|ARM
		{8E19212E-C5DA-44BD-91BD-5E1863AD317C}.Release|ARM64.ActiveCfg = Release|ARM64
		{8E19212E-C5DA-44BD-91BD-5E1863AD317C}.Release|ARM64.Build.0 = Release|ARM64
		{8E19212E-C5DA-44BD-91BD-5E1863AD317C}.Release|ARM64.Deploy.0 = Release|ARM64
		{8E19212E-C5DA-44BD-91BD-5E1863AD317C}.Release|x64.ActiveCfg = Release|x64
		{8E19212E-C5DA-44BD-91BD-5E1863AD317C}.Release|x64.Build.0 = Release|x64
		{8E19212E-C5DA-44BD-91BD-5E1863AD317C}.Release|x64.Deploy.0 = Release|x64
		{8E19212E-C5DA-44BD-91BD-5E1863AD317C}.Release|x86.ActiveCfg = Release|x86
		{8E19212E-C5DA-44BD-91BD-5E1863AD317C}.Release|x86.Build.0 = Release|x86
		{8E19212E-C5DA-44BD-91BD-5E1863AD317C}.Release|x86.Deploy.0 = Release|x86
	EndGlobalSection
	GlobalSection(SolutionProperties) = preSolution
		HideSolutionNode = FALSE
	EndGlobalSection
	GlobalSection(ExtensibilityGlobals) = postSolution
		SolutionGuid = {3FDF18A6-1ACA-434F-A3E9-7636DFEF4592}
	EndGlobalSection
EndGlobal
